// !$*UTF8*$!
{
	archiveVersion = 1;
	classes = {
	};
	objectVersion = 46;
	objects = {

/* Begin PBXBuildFile section */
		3A486DC31F45C8430003191A /* AppDelegate.swift in Sources */ = {isa = PBXBuildFile; fileRef = 3A486DC21F45C8430003191A /* AppDelegate.swift */; };
		3A486DC51F45C8430003191A /* ViewController.swift in Sources */ = {isa = PBXBuildFile; fileRef = 3A486DC41F45C8430003191A /* ViewController.swift */; };
		3A486DC81F45C8430003191A /* Main.storyboard in Resources */ = {isa = PBXBuildFile; fileRef = 3A486DC61F45C8430003191A /* Main.storyboard */; };
		3A486DCA1F45C8430003191A /* Assets.xcassets in Resources */ = {isa = PBXBuildFile; fileRef = 3A486DC91F45C8430003191A /* Assets.xcassets */; };
		3A486DCD1F45C8430003191A /* LaunchScreen.storyboard in Resources */ = {isa = PBXBuildFile; fileRef = 3A486DCB1F45C8430003191A /* LaunchScreen.storyboard */; };
		3A486DD81F45C8440003191A /* closures_learningTests.swift in Sources */ = {isa = PBXBuildFile; fileRef = 3A486DD71F45C8440003191A /* closures_learningTests.swift */; };
		3A486DE31F45C8440003191A /* closures_learningUITests.swift in Sources */ = {isa = PBXBuildFile; fileRef = 3A486DE21F45C8440003191A /* closures_learningUITests.swift */; };
/* End PBXBuildFile section */

/* Begin PBXContainerItemProxy section */
		3A486DD41F45C8440003191A /* PBXContainerItemProxy */ = {
			isa = PBXContainerItemProxy;
			containerPortal = 3A486DB71F45C8420003191A /* Project object */;
			proxyType = 1;
			remoteGlobalIDString = 3A486DBE1F45C8420003191A;
			remoteInfo = closures_learning;
		};
		3A486DDF1F45C8440003191A /* PBXContainerItemProxy */ = {
			isa = PBXContainerItemProxy;
			containerPortal = 3A486DB71F45C8420003191A /* Project object */;
			proxyType = 1;
			remoteGlobalIDString = 3A486DBE1F45C8420003191A;
			remoteInfo = closures_learning;
		};
/* End PBXContainerItemProxy section */

/* Begin PBXFileReference section */
		3A486DBF1F45C8420003191A /* closures_learning.app */ = {isa = PBXFileReference; explicitFileType = wrapper.application; includeInIndex = 0; path = closures_learning.app; sourceTree = BUILT_PRODUCTS_DIR; };
		3A486DC21F45C8430003191A /* AppDelegate.swift */ = {isa = PBXFileReference; lastKnownFileType = sourcecode.swift; path = AppDelegate.swift; sourceTree = "<group>"; };
		3A486DC41F45C8430003191A /* ViewController.swift */ = {isa = PBXFileReference; lastKnownFileType = sourcecode.swift; path = ViewController.swift; sourceTree = "<group>"; };
		3A486DC71F45C8430003191A /* Base */ = {isa = PBXFileReference; lastKnownFileType = file.storyboard; name = Base; path = Base.lproj/Main.storyboard; sourceTree = "<group>"; };
		3A486DC91F45C8430003191A /* Assets.xcassets */ = {isa = PBXFileReference; lastKnownFileType = folder.assetcatalog; path = Assets.xcassets; sourceTree = "<group>"; };
		3A486DCC1F45C8430003191A /* Base */ = {isa = PBXFileReference; lastKnownFileType = file.storyboard; name = Base; path = Base.lproj/LaunchScreen.storyboard; sourceTree = "<group>"; };
		3A486DCE1F45C8430003191A /* Info.plist */ = {isa = PBXFileReference; lastKnownFileType = text.plist.xml; path = Info.plist; sourceTree = "<group>"; };
		3A486DD31F45C8440003191A /* closures_learningTests.xctest */ = {isa = PBXFileReference; explicitFileType = wrapper.cfbundle; includeInIndex = 0; path = closures_learningTests.xctest; sourceTree = BUILT_PRODUCTS_DIR; };
		3A486DD71F45C8440003191A /* closures_learningTests.swift */ = {isa = PBXFileReference; lastKnownFileType = sourcecode.swift; path = closures_learningTests.swift; sourceTree = "<group>"; };
		3A486DD91F45C8440003191A /* Info.plist */ = {isa = PBXFileReference; lastKnownFileType = text.plist.xml; path = Info.plist; sourceTree = "<group>"; };
		3A486DDE1F45C8440003191A /* closures_learningUITests.xctest */ = {isa = PBXFileReference; explicitFileType = wrapper.cfbundle; includeInIndex = 0; path = closures_learningUITests.xctest; sourceTree = BUILT_PRODUCTS_DIR; };
		3A486DE21F45C8440003191A /* closures_learningUITests.swift */ = {isa = PBXFileReference; lastKnownFileType = sourcecode.swift; path = closures_learningUITests.swift; sourceTree = "<group>"; };
		3A486DE41F45C8440003191A /* Info.plist */ = {isa = PBXFileReference; lastKnownFileType = text.plist.xml; path = Info.plist; sourceTree = "<group>"; };
/* End PBXFileReference section */

/* Begin PBXFrameworksBuildPhase section */
		3A486DBC1F45C8420003191A /* Frameworks */ = {
			isa = PBXFrameworksBuildPhase;
			buildActionMask = 2147483647;
			files = (
			);
			runOnlyForDeploymentPostprocessing = 0;
		};
		3A486DD01F45C8440003191A /* Frameworks */ = {
			isa = PBXFrameworksBuildPhase;
			buildActionMask = 2147483647;
			files = (
			);
			runOnlyForDeploymentPostprocessing = 0;
		};
		3A486DDB1F45C8440003191A /* Frameworks */ = {
			isa = PBXFrameworksBuildPhase;
			buildActionMask = 2147483647;
			files = (
			);
			runOnlyForDeploymentPostprocessing = 0;
		};
/* End PBXFrameworksBuildPhase section */

/* Begin PBXGroup section */
		3A486DB61F45C8420003191A = {
			isa = PBXGroup;
			children = (
				3A486DC11F45C8420003191A /* closures_learning */,
				3A486DD61F45C8440003191A /* closures_learningTests */,
				3A486DE11F45C8440003191A /* closures_learningUITests */,
				3A486DC01F45C8420003191A /* Products */,
			);
			sourceTree = "<group>";
		};
		3A486DC01F45C8420003191A /* Products */ = {
			isa = PBXGroup;
			children = (
				3A486DBF1F45C8420003191A /* closures_learning.app */,
				3A486DD31F45C8440003191A /* closures_learningTests.xctest */,
				3A486DDE1F45C8440003191A /* closures_learningUITests.xctest */,
			);
			name = Products;
			sourceTree = "<group>";
		};
		3A486DC11F45C8420003191A /* closures_learning */ = {
			isa = PBXGroup;
			children = (
				3A486DC21F45C8430003191A /* AppDelegate.swift */,
				3A486DC41F45C8430003191A /* ViewController.swift */,
				3A486DC61F45C8430003191A /* Main.storyboard */,
				3A486DC91F45C8430003191A /* Assets.xcassets */,
				3A486DCB1F45C8430003191A /* LaunchScreen.storyboard */,
				3A486DCE1F45C8430003191A /* Info.plist */,
			);
			path = closures_learning;
			sourceTree = "<group>";
		};
		3A486DD61F45C8440003191A /* closures_learningTests */ = {
			isa = PBXGroup;
			children = (
				3A486DD71F45C8440003191A /* closures_learningTests.swift */,
				3A486DD91F45C8440003191A /* Info.plist */,
			);
			path = closures_learningTests;
			sourceTree = "<group>";
		};
		3A486DE11F45C8440003191A /* closures_learningUITests */ = {
			isa = PBXGroup;
			children = (
				3A486DE21F45C8440003191A /* closures_learningUITests.swift */,
				3A486DE41F45C8440003191A /* Info.plist */,
			);
			path = closures_learningUITests;
			sourceTree = "<group>";
		};
/* End PBXGroup section */

/* Begin PBXNativeTarget section */
		3A486DBE1F45C8420003191A /* closures_learning */ = {
			isa = PBXNativeTarget;
			buildConfigurationList = 3A486DE71F45C8440003191A /* Build configuration list for PBXNativeTarget "closures_learning" */;
			buildPhases = (
				3A486DBB1F45C8420003191A /* Sources */,
				3A486DBC1F45C8420003191A /* Frameworks */,
				3A486DBD1F45C8420003191A /* Resources */,
			);
			buildRules = (
			);
			dependencies = (
			);
			name = closures_learning;
			productName = closures_learning;
			productReference = 3A486DBF1F45C8420003191A /* closures_learning.app */;
			productType = "com.apple.product-type.application";
		};
		3A486DD21F45C8440003191A /* closures_learningTests */ = {
			isa = PBXNativeTarget;
			buildConfigurationList = 3A486DEA1F45C8440003191A /* Build configuration list for PBXNativeTarget "closures_learningTests" */;
			buildPhases = (
				3A486DCF1F45C8440003191A /* Sources */,
				3A486DD01F45C8440003191A /* Frameworks */,
				3A486DD11F45C8440003191A /* Resources */,
			);
			buildRules = (
			);
			dependencies = (
				3A486DD51F45C8440003191A /* PBXTargetDependency */,
			);
			name = closures_learningTests;
			productName = closures_learningTests;
			productReference = 3A486DD31F45C8440003191A /* closures_learningTests.xctest */;
			productType = "com.apple.product-type.bundle.unit-test";
		};
		3A486DDD1F45C8440003191A /* closures_learningUITests */ = {
			isa = PBXNativeTarget;
			buildConfigurationList = 3A486DED1F45C8440003191A /* Build configuration list for PBXNativeTarget "closures_learningUITests" */;
			buildPhases = (
				3A486DDA1F45C8440003191A /* Sources */,
				3A486DDB1F45C8440003191A /* Frameworks */,
				3A486DDC1F45C8440003191A /* Resources */,
			);
			buildRules = (
			);
			dependencies = (
				3A486DE01F45C8440003191A /* PBXTargetDependency */,
			);
			name = closures_learningUITests;
			productName = closures_learningUITests;
			productReference = 3A486DDE1F45C8440003191A /* closures_learningUITests.xctest */;
			productType = "com.apple.product-type.bundle.ui-testing";
		};
/* End PBXNativeTarget section */

/* Begin PBXProject section */
		3A486DB71F45C8420003191A /* Project object */ = {
			isa = PBXProject;
			attributes = {
				LastSwiftUpdateCheck = 0830;
				LastUpgradeCheck = 0830;
				ORGANIZATIONNAME = dev09;
				TargetAttributes = {
					3A486DBE1F45C8420003191A = {
						CreatedOnToolsVersion = 8.3.3;
						ProvisioningStyle = Automatic;
					};
					3A486DD21F45C8440003191A = {
						CreatedOnToolsVersion = 8.3.3;
						ProvisioningStyle = Automatic;
						TestTargetID = 3A486DBE1F45C8420003191A;
					};
					3A486DDD1F45C8440003191A = {
						CreatedOnToolsVersion = 8.3.3;
						ProvisioningStyle = Automatic;
						TestTargetID = 3A486DBE1F45C8420003191A;
					};
				};
			};
			buildConfigurationList = 3A486DBA1F45C8420003191A /* Build configuration list for PBXProject "closures_learning" */;
			compatibilityVersion = "Xcode 3.2";
			developmentRegion = English;
			hasScannedForEncodings = 0;
			knownRegions = (
				en,
				Base,
			);
			mainGroup = 3A486DB61F45C8420003191A;
			productRefGroup = 3A486DC01F45C8420003191A /* Products */;
			projectDirPath = "";
			projectRoot = "";
			targets = (
				3A486DBE1F45C8420003191A /* closures_learning */,
				3A486DD21F45C8440003191A /* closures_learningTests */,
				3A486DDD1F45C8440003191A /* closures_learningUITests */,
			);
		};
/* End PBXProject section */

/* Begin PBXResourcesBuildPhase section */
		3A486DBD1F45C8420003191A /* Resources */ = {
			isa = PBXResourcesBuildPhase;
			buildActionMask = 2147483647;
			files = (
				3A486DCD1F45C8430003191A /* LaunchScreen.storyboard in Resources */,
				3A486DCA1F45C8430003191A /* Assets.xcassets in Resources */,
				3A486DC81F45C8430003191A /* Main.storyboard in Resources */,
			);
			runOnlyForDeploymentPostprocessing = 0;
		};
		3A486DD11F45C8440003191A /* Resources */ = {
			isa = PBXResourcesBuildPhase;
			buildActionMask = 2147483647;
			files = (
			);
			runOnlyForDeploymentPostprocessing = 0;
		};
		3A486DDC1F45C8440003191A /* Resources */ = {
			isa = PBXResourcesBuildPhase;
			buildActionMask = 2147483647;
			files = (
			);
			runOnlyForDeploymentPostprocessing = 0;
		};
/* End PBXResourcesBuildPhase section */

/* Begin PBXSourcesBuildPhase section */
		3A486DBB1F45C8420003191A /* Sources */ = {
			isa = PBXSourcesBuildPhase;
			buildActionMask = 2147483647;
			files = (
				3A486DC51F45C8430003191A /* ViewController.swift in Sources */,
				3A486DC31F45C8430003191A /* AppDelegate.swift in Sources */,
			);
			runOnlyForDeploymentPostprocessing = 0;
		};
		3A486DCF1F45C8440003191A /* Sources */ = {
			isa = PBXSourcesBuildPhase;
			buildActionMask = 2147483647;
			files = (
				3A486DD81F45C8440003191A /* closures_learningTests.swift in Sources */,
			);
			runOnlyForDeploymentPostprocessing = 0;
		};
		3A486DDA1F45C8440003191A /* Sources */ = {
			isa = PBXSourcesBuildPhase;
			buildActionMask = 2147483647;
			files = (
				3A486DE31F45C8440003191A /* closures_learningUITests.swift in Sources */,
			);
			runOnlyForDeploymentPostprocessing = 0;
		};
/* End PBXSourcesBuildPhase section */

/* Begin PBXTargetDependency section */
		3A486DD51F45C8440003191A /* PBXTargetDependency */ = {
			isa = PBXTargetDependency;
			target = 3A486DBE1F45C8420003191A /* closures_learning */;
			targetProxy = 3A486DD41F45C8440003191A /* PBXContainerItemProxy */;
		};
		3A486DE01F45C8440003191A /* PBXTargetDependency */ = {
			isa = PBXTargetDependency;
			target = 3A486DBE1F45C8420003191A /* closures_learning */;
			targetProxy = 3A486DDF1F45C8440003191A /* PBXContainerItemProxy */;
		};
/* End PBXTargetDependency section */

/* Begin PBXVariantGroup section */
		3A486DC61F45C8430003191A /* Main.storyboard */ = {
			isa = PBXVariantGroup;
			children = (
				3A486DC71F45C8430003191A /* Base */,
			);
			name = Main.storyboard;
			sourceTree = "<group>";
		};
		3A486DCB1F45C8430003191A /* LaunchScreen.storyboard */ = {
			isa = PBXVariantGroup;
			children = (
				3A486DCC1F45C8430003191A /* Base */,
			);
			name = LaunchScreen.storyboard;
			sourceTree = "<group>";
		};
/* End PBXVariantGroup section */

/* Begin XCBuildConfiguration section */
		3A486DE51F45C8440003191A /* Debug */ = {
			isa = XCBuildConfiguration;
			buildSettings = {
				ALWAYS_SEARCH_USER_PATHS = NO;
				CLANG_ANALYZER_NONNULL = YES;
				CLANG_ANALYZER_NUMBER_OBJECT_CONVERSION = YES_AGGRESSIVE;
				CLANG_CXX_LANGUAGE_STANDARD = "gnu++0x";
				CLANG_CXX_LIBRARY = "libc++";
				CLANG_ENABLE_MODULES = YES;
				CLANG_ENABLE_OBJC_ARC = YES;
				CLANG_WARN_BOOL_CONVERSION = YES;
				CLANG_WARN_CONSTANT_CONVERSION = YES;
				CLANG_WARN_DIRECT_OBJC_ISA_USAGE = YES_ERROR;
				CLANG_WARN_DOCUMENTATION_COMMENTS = YES;
				CLANG_WARN_EMPTY_BODY = YES;
				CLANG_WARN_ENUM_CONVERSION = YES;
				CLANG_WARN_INFINITE_RECURSION = YES;
				CLANG_WARN_INT_CONVERSION = YES;
				CLANG_WARN_OBJC_ROOT_CLASS = YES_ERROR;
				CLANG_WARN_SUSPICIOUS_MOVE = YES;
				CLANG_WARN_UNREACHABLE_CODE = YES;
				CLANG_WARN__DUPLICATE_METHOD_MATCH = YES;
				"CODE_SIGN_IDENTITY[sdk=iphoneos*]" = "iPhone Developer";
				COPY_PHASE_STRIP = NO;
				DEBUG_INFORMATION_FORMAT = dwarf;
				ENABLE_STRICT_OBJC_MSGSEND = YES;
				ENABLE_TESTABILITY = YES;
				GCC_C_LANGUAGE_STANDARD = gnu99;
				GCC_DYNAMIC_NO_PIC = NO;
				GCC_NO_COMMON_BLOCKS = YES;
				GCC_OPTIMIZATION_LEVEL = 0;
				GCC_PREPROCESSOR_DEFINITIONS = (
					"DEBUG=1",
					"$(inherited)",
				);
				GCC_WARN_64_TO_32_BIT_CONVERSION = YES;
				GCC_WARN_ABOUT_RETURN_TYPE = YES_ERROR;
				GCC_WARN_UNDECLARED_SELECTOR = YES;
				GCC_WARN_UNINITIALIZED_AUTOS = YES_AGGRESSIVE;
				GCC_WARN_UNUSED_FUNCTION = YES;
				GCC_WARN_UNUSED_VARIABLE = YES;
				IPHONEOS_DEPLOYMENT_TARGET = 10.3;
				MTL_ENABLE_DEBUG_INFO = YES;
				ONLY_ACTIVE_ARCH = YES;
				SDKROOT = iphoneos;
				SWIFT_ACTIVE_COMPILATION_CONDITIONS = DEBUG;
				SWIFT_OPTIMIZATION_LEVEL = "-Onone";
			};
			name = Debug;
		};
		3A486DE61F45C8440003191A /* Release */ = {
			isa = XCBuildConfiguration;
			buildSettings = {
				ALWAYS_SEARCH_USER_PATHS = NO;
				CLANG_ANALYZER_NONNULL = YES;
				CLANG_ANALYZER_NUMBER_OBJECT_CONVERSION = YES_AGGRESSIVE;
				CLANG_CXX_LANGUAGE_STANDARD = "gnu++0x";
				CLANG_CXX_LIBRARY = "libc++";
				CLANG_ENABLE_MODULES = YES;
				CLANG_ENABLE_OBJC_ARC = YES;
				CLANG_WARN_BOOL_CONVERSION = YES;
				CLANG_WARN_CONSTANT_CONVERSION = YES;
				CLANG_WARN_DIRECT_OBJC_ISA_USAGE = YES_ERROR;
				CLANG_WARN_DOCUMENTATION_COMMENTS = YES;
				CLANG_WARN_EMPTY_BODY = YES;
				CLANG_WARN_ENUM_CONVERSION = YES;
				CLANG_WARN_INFINITE_RECURSION = YES;
				CLANG_WARN_INT_CONVERSION = YES;
				CLANG_WARN_OBJC_ROOT_CLASS = YES_ERROR;
				CLANG_WARN_SUSPICIOUS_MOVE = YES;
				CLANG_WARN_UNREACHABLE_CODE = YES;
				CLANG_WARN__DUPLICATE_METHOD_MATCH = YES;
				"CODE_SIGN_IDENTITY[sdk=iphoneos*]" = "iPhone Developer";
				COPY_PHASE_STRIP = NO;
				DEBUG_INFORMATION_FORMAT = "dwarf-with-dsym";
				ENABLE_NS_ASSERTIONS = NO;
				ENABLE_STRICT_OBJC_MSGSEND = YES;
				GCC_C_LANGUAGE_STANDARD = gnu99;
				GCC_NO_COMMON_BLOCKS = YES;
				GCC_WARN_64_TO_32_BIT_CONVERSION = YES;
				GCC_WARN_ABOUT_RETURN_TYPE = YES_ERROR;
				GCC_WARN_UNDECLARED_SELECTOR = YES;
				GCC_WARN_UNINITIALIZED_AUTOS = YES_AGGRESSIVE;
				GCC_WARN_UNUSED_FUNCTION = YES;
				GCC_WARN_UNUSED_VARIABLE = YES;
				IPHONEOS_DEPLOYMENT_TARGET = 10.3;
				MTL_ENABLE_DEBUG_INFO = NO;
				SDKROOT = iphoneos;
				SWIFT_OPTIMIZATION_LEVEL = "-Owholemodule";
				VALIDATE_PRODUCT = YES;
			};
			name = Release;
		};
		3A486DE81F45C8440003191A /* Debug */ = {
			isa = XCBuildConfiguration;
			buildSettings = {
				ASSETCATALOG_COMPILER_APPICON_NAME = AppIcon;
				INFOPLIST_FILE = closures_learning/Info.plist;
				LD_RUNPATH_SEARCH_PATHS = "$(inherited) @executable_path/Frameworks";
				PRODUCT_BUNDLE_IDENTIFIER = "com.hello.apps.closures-learning";
				PRODUCT_NAME = "$(TARGET_NAME)";
				SWIFT_VERSION = 3.0;
			};
			name = Debug;
		};
		3A486DE91F45C8440003191A /* Release */ = {
			isa = XCBuildConfiguration;
			buildSettings = {
				ASSETCATALOG_COMPILER_APPICON_NAME = AppIcon;
				INFOPLIST_FILE = closures_learning/Info.plist;
				LD_RUNPATH_SEARCH_PATHS = "$(inherited) @executable_path/Frameworks";
				PRODUCT_BUNDLE_IDENTIFIER = "com.hello.apps.closures-learning";
				PRODUCT_NAME = "$(TARGET_NAME)";
				SWIFT_VERSION = 3.0;
			};
			name = Release;
		};
		3A486DEB1F45C8440003191A /* Debug */ = {
			isa = XCBuildConfiguration;
			buildSettings = {
				ALWAYS_EMBED_SWIFT_STANDARD_LIBRARIES = YES;
				BUNDLE_LOADER = "$(TEST_HOST)";
				INFOPLIST_FILE = closures_learningTests/Info.plist;
				LD_RUNPATH_SEARCH_PATHS = "$(inherited) @executable_path/Frameworks @loader_path/Frameworks";
				PRODUCT_BUNDLE_IDENTIFIER = "com.hello.apps.closures-learningTests";
				PRODUCT_NAME = "$(TARGET_NAME)";
				SWIFT_VERSION = 3.0;
				TEST_HOST = "$(BUILT_PRODUCTS_DIR)/closures_learning.app/closures_learning";
			};
			name = Debug;
		};
		3A486DEC1F45C8440003191A /* Release */ = {
			isa = XCBuildConfiguration;
			buildSettings = {
				ALWAYS_EMBED_SWIFT_STANDARD_LIBRARIES = YES;
				BUNDLE_LOADER = "$(TEST_HOST)";
				INFOPLIST_FILE = closures_learningTests/Info.plist;
				LD_RUNPATH_SEARCH_PATHS = "$(inherited) @executable_path/Frameworks @loader_path/Frameworks";
				PRODUCT_BUNDLE_IDENTIFIER = "com.hello.apps.closures-learningTests";
				PRODUCT_NAME = "$(TARGET_NAME)";
				SWIFT_VERSION = 3.0;
				TEST_HOST = "$(BUILT_PRODUCTS_DIR)/closures_learning.app/closures_learning";
			};
			name = Release;
		};
		3A486DEE1F45C8440003191A /* Debug */ = {
			isa = XCBuildConfiguration;
			buildSettings = {
				ALWAYS_EMBED_SWIFT_STANDARD_LIBRARIES = YES;
				INFOPLIST_FILE = closures_learningUITests/Info.plist;
				LD_RUNPATH_SEARCH_PATHS = "$(inherited) @executable_path/Frameworks @loader_path/Frameworks";
				PRODUCT_BUNDLE_IDENTIFIER = "com.hello.apps.closures-learningUITests";
				PRODUCT_NAME = "$(TARGET_NAME)";
				SWIFT_VERSION = 3.0;
				TEST_TARGET_NAME = closures_learning;
			};
			name = Debug;
		};
		3A486DEF1F45C8440003191A /* Release */ = {
			isa = XCBuildConfiguration;
			buildSettings = {
				ALWAYS_EMBED_SWIFT_STANDARD_LIBRARIES = YES;
				INFOPLIST_FILE = closures_learningUITests/Info.plist;
				LD_RUNPATH_SEARCH_PATHS = "$(inherited) @executable_path/Frameworks @loader_path/Frameworks";
				PRODUCT_BUNDLE_IDENTIFIER = "com.hello.apps.closures-learningUITests";
				PRODUCT_NAME = "$(TARGET_NAME)";
				SWIFT_VERSION = 3.0;
				TEST_TARGET_NAME = closures_learning;
			};
			name = Release;
		};
/* End XCBuildConfiguration section */

/* Begin XCConfigurationList section */
		3A486DBA1F45C8420003191A /* Build configuration list for PBXProject "closures_learning" */ = {
			isa = XCConfigurationList;
			buildConfigurations = (
				3A486DE51F45C8440003191A /* Debug */,
				3A486DE61F45C8440003191A /* Release */,
			);
			defaultConfigurationIsVisible = 0;
			defaultConfigurationName = Release;
		};
		3A486DE71F45C8440003191A /* Build configuration list for PBXNativeTarget "closures_learning" */ = {
			isa = XCConfigurationList;
			buildConfigurations = (
				3A486DE81F45C8440003191A /* Debug */,
				3A486DE91F45C8440003191A /* Release */,
			);
			defaultConfigurationIsVisible = 0;
		};
		3A486DEA1F45C8440003191A /* Build configuration list for PBXNativeTarget "closures_learningTests" */ = {
			isa = XCConfigurationList;
			buildConfigurations = (
				3A486DEB1F45C8440003191A /* Debug */,
				3A486DEC1F45C8440003191A /* Release */,
			);
			defaultConfigurationIsVisible = 0;
		};
		3A486DED1F45C8440003191A /* Build configuration list for PBXNativeTarget "closures_learningUITests" */ = {
			isa = XCConfigurationList;
			buildConfigurations = (
				3A486DEE1F45C8440003191A /* Debug */,
				3A486DEF1F45C8440003191A /* Release */,
			);
			defaultConfigurationIsVisible = 0;
		};
/* End XCConfigurationList section */
	};
	rootObject = 3A486DB71F45C8420003191A /* Project object */;
}
